
Microsoft Visual Studio Solution File, Format Version 12.00
# Visual Studio Version 17
VisualStudioVersion = 17.14.36915.13 d17.14
MinimumVisualStudioVersion = 10.0.40219.1
Project("{FAE04EC0-301F-11D3-BF4B-00C04F79EFBC}") = "Testing-System-Backend", "Testing-System-Backend.csproj", "{31FB7782-A7D4-5832-F14D-E165A4674567}"
EndProject
Global
	GlobalSection(SolutionConfigurationPlatforms) = preSolution
		Debug|Any CPU = Debug|Any CPU
		Release|Any CPU = Release|Any CPU
	EndGlobalSection
	GlobalSection(ProjectConfigurationPlatforms) = postSolution
		{31FB7782-A7D4-5832-F14D-E165A4674567}.Debug|Any CPU.ActiveCfg = Debug|Any CPU
		{31FB7782-A7D4-5832-F14D-E165A4674567}.Debug|Any CPU.Build.0 = Debug|Any CPU
		{31FB7782-A7D4-5832-F14D-E165A4674567}.Release|Any CPU.ActiveCfg = Release|Any CPU
		{31FB7782-A7D4-5832-F14D-E165A4674567}.Release|Any CPU.Build.0 = Release|Any CPU
	EndGlobalSection
	GlobalSection(SolutionProperties) = preSolution
		HideSolutionNode = FALSE
	EndGlobalSection
	GlobalSection(ExtensibilityGlobals) = postSolution
		SolutionGuid = {B35223A9-0471-45EA-AAA0-91646B42AB7C}
	EndGlobalSection
EndGlobal
